
Microsoft Visual Studio Solution File, Format Version 12.00
# Visual Studio Version 16
VisualStudioVersion = 16.0.33801.447
MinimumVisualStudioVersion = 10.0.40219.1
Project("{FAE04EC0-301F-11D3-BF4B-00C04F79EFBC}") = "PFMS", "PFMS\PFMS.csproj", "{F7CB405A-E671-47C9-893A-20B7911D4C11}"
EndProject
Global
	GlobalSection(SolutionConfigurationPlatforms) = preSolution
		Debug|Any CPU = Debug|Any CPU
		Release|Any CPU = Release|Any CPU
	EndGlobalSection
	GlobalSection(ProjectConfigurationPlatforms) = postSolution
		{F7CB405A-E671-47C9-893A-20B7911D4C11}.Debug|Any CPU.ActiveCfg = Debug|Any CPU
		{F7CB405A-E671-47C9-893A-20B7911D4C11}.Debug|Any CPU.Build.0 = Debug|Any CPU
		{F7CB405A-E671-47C9-893A-20B7911D4C11}.Release|Any CPU.ActiveCfg = Release|Any CPU
		{F7CB405A-E671-47C9-893A-20B7911D4C11}.Release|Any CPU.Build.0 = Release|Any CPU
	EndGlobalSection
	GlobalSection(SolutionProperties) = preSolution
		HideSolutionNode = FALSE
	EndGlobalSection
	GlobalSection(ExtensibilityGlobals) = postSolution
		SolutionGuid = {B893184F-94BA-4B6A-BD5E-A0AFC2FF7CFD}
	EndGlobalSection
EndGlobal
